
Microsoft Visual Studio Solution File, Format Version 12.00
# Visual Studio Version 16
VisualStudioVersion = 16.0.29306.81
MinimumVisualStudioVersion = 10.0.40219.1
Project("{FAE04EC0-301F-11D3-BF4B-00C04F79EFBC}") = "Sistema", "Sistema\Sistema.csproj", "{464F1EE6-534E-46D2-B0F6-0BDEE9ACFC5E}"
EndProject
Project("{FAE04EC0-301F-11D3-BF4B-00C04F79EFBC}") = "Sistema.DAL", "Sistema.DAL\Sistema.DAL.csproj", "{C70182B1-7A1C-4C8A-A08A-47911159CEE9}"
EndProject
Global
	GlobalSection(SolutionConfigurationPlatforms) = preSolution
		Debug|Any CPU = Debug|Any CPU
		Debug|ARM = Debug|ARM
		Debug|ARM64 = Debug|ARM64
		Debug|x64 = Debug|x64
		Debug|x86 = Debug|x86
		Release|Any CPU = Release|Any CPU
		Release|ARM = Release|ARM
		Release|ARM64 = Release|ARM64
		Release|x64 = Release|x64
		Release|x86 = Release|x86
	EndGlobalSection
	GlobalSection(ProjectConfigurationPlatforms) = postSolution
		{464F1EE6-534E-46D2-B0F6-0BDEE9ACFC5E}.Debug|Any CPU.ActiveCfg = Debug|Any CPU
		{464F1EE6-534E-46D2-B0F6-0BDEE9ACFC5E}.Debug|Any CPU.Build.0 = Debug|Any CPU
		{464F1EE6-534E-46D2-B0F6-0BDEE9ACFC5E}.Debug|ARM.ActiveCfg = Debug|Any CPU
		{464F1EE6-534E-46D2-B0F6-0BDEE9ACFC5E}.Debug|ARM.Build.0 = Debug|Any CPU
		{464F1EE6-534E-46D2-B0F6-0BDEE9ACFC5E}.Debug|ARM64.ActiveCfg = Debug|Any CPU
		{464F1EE6-534E-46D2-B0F6-0BDEE9ACFC5E}.Debug|ARM64.Build.0 = Debug|Any CPU
		{464F1EE6-534E-46D2-B0F6-0BDEE9ACFC5E}.Debug|x64.ActiveCfg = Debug|Any CPU
		{464F1EE6-534E-46D2-B0F6-0BDEE9ACFC5E}.Debug|x64.Build.0 = Debug|Any CPU
		{464F1EE6-534E-46D2-B0F6-0BDEE9ACFC5E}.Debug|x86.ActiveCfg = Debug|Any CPU
		{464F1EE6-534E-46D2-B0F6-0BDEE9ACFC5E}.Debug|x86.Build.0 = Debug|Any CPU
		{464F1EE6-534E-46D2-B0F6-0BDEE9ACFC5E}.Release|Any CPU.ActiveCfg = Release|Any CPU
		{464F1EE6-534E-46D2-B0F6-0BDEE9ACFC5E}.Release|Any CPU.Build.0 = Release|Any CPU
		{464F1EE6-534E-46D2-B0F6-0BDEE9ACFC5E}.Release|ARM.ActiveCfg = Release|Any CPU
		{464F1EE6-534E-46D2-B0F6-0BDEE9ACFC5E}.Release|ARM.Build.0 = Release|Any CPU
		{464F1EE6-534E-46D2-B0F6-0BDEE9ACFC5E}.Release|ARM64.ActiveCfg = Release|Any CPU
		{464F1EE6-534E-46D2-B0F6-0BDEE9ACFC5E}.Release|ARM64.Build.0 = Release|Any CPU
		{464F1EE6-534E-46D2-B0F6-0BDEE9ACFC5E}.Release|x64.ActiveCfg = Release|Any CPU
		{464F1EE6-534E-46D2-B0F6-0BDEE9ACFC5E}.Release|x64.Build.0 = Release|Any CPU
		{464F1EE6-534E-46D2-B0F6-0BDEE9ACFC5E}.Release|x86.ActiveCfg = Release|Any CPU
		{464F1EE6-534E-46D2-B0F6-0BDEE9ACFC5E}.Release|x86.Build.0 = Release|Any CPU
		{C70182B1-7A1C-4C8A-A08A-47911159CEE9}.Debug|Any CPU.ActiveCfg = Debug|Any CPU
		{C70182B1-7A1C-4C8A-A08A-47911159CEE9}.Debug|Any CPU.Build.0 = Debug|Any CPU
		{C70182B1-7A1C-4C8A-A08A-47911159CEE9}.Debug|ARM.ActiveCfg = Debug|Any CPU
		{C70182B1-7A1C-4C8A-A08A-47911159CEE9}.Debug|ARM.Build.0 = Debug|Any CPU
		{C70182B1-7A1C-4C8A-A08A-47911159CEE9}.Debug|ARM64.ActiveCfg = Debug|Any CPU
		{C70182B1-7A1C-4C8A-A08A-47911159CEE9}.Debug|ARM64.Build.0 = Debug|Any CPU
		{C70182B1-7A1C-4C8A-A08A-47911159CEE9}.Debug|x64.ActiveCfg = Debug|Any CPU
		{C70182B1-7A1C-4C8A-A08A-47911159CEE9}.Debug|x64.Build.0 = Debug|Any CPU
		{C70182B1-7A1C-4C8A-A08A-47911159CEE9}.Debug|x86.ActiveCfg = Debug|Any CPU
		{C70182B1-7A1C-4C8A-A08A-47911159CEE9}.Debug|x86.Build.0 = Debug|Any CPU
		{C70182B1-7A1C-4C8A-A08A-47911159CEE9}.Release|Any CPU.ActiveCfg = Release|Any CPU
		{C70182B1-7A1C-4C8A-A08A-47911159CEE9}.Release|Any CPU.Build.0 = Release|Any CPU
		{C70182B1-7A1C-4C8A-A08A-47911159CEE9}.Release|ARM.ActiveCfg = Release|Any CPU
		{C70182B1-7A1C-4C8A-A08A-47911159CEE9}.Release|ARM.Build.0 = Release|Any CPU
		{C70182B1-7A1C-4C8A-A08A-47911159CEE9}.Release|ARM64.ActiveCfg = Release|Any CPU
		{C70182B1-7A1C-4C8A-A08A-47911159CEE9}.Release|ARM64.Build.0 = Release|Any CPU
		{C70182B1-7A1C-4C8A-A08A-47911159CEE9}.Release|x64.ActiveCfg = Release|Any CPU
		{C70182B1-7A1C-4C8A-A08A-47911159CEE9}.Release|x64.Build.0 = Release|Any CPU
		{C70182B1-7A1C-4C8A-A08A-47911159CEE9}.Release|x86.ActiveCfg = Release|Any CPU
		{C70182B1-7A1C-4C8A-A08A-47911159CEE9}.Release|x86.Build.0 = Release|Any CPU
	EndGlobalSection
	GlobalSection(SolutionProperties) = preSolution
		HideSolutionNode = FALSE
	EndGlobalSection
	GlobalSection(ExtensibilityGlobals) = postSolution
		SolutionGuid = {AE187205-7390-4ADF-AB50-33D5F03A1898}
	EndGlobalSection
EndGlobal
